
Microsoft Visual Studio Solution File, Format Version 12.00
# Visual Studio Version 17
VisualStudioVersion = 17.11.35222.181
MinimumVisualStudioVersion = 10.0.40219.1
Project("{FAE04EC0-301F-11D3-BF4B-00C04F79EFBC}") = "UsedAFS-BE", "UsedAFS-BE\UsedAFS-BE.csproj", "{115897D2-3C2F-4098-A48D-E3A858208E40}"
EndProject
Global
	GlobalSection(SolutionConfigurationPlatforms) = preSolution
		Debug|Any CPU = Debug|Any CPU
		Release|Any CPU = Release|Any CPU
	EndGlobalSection
	GlobalSection(ProjectConfigurationPlatforms) = postSolution
		{115897D2-3C2F-4098-A48D-E3A858208E40}.Debug|Any CPU.ActiveCfg = Debug|Any CPU
		{115897D2-3C2F-4098-A48D-E3A858208E40}.Debug|Any CPU.Build.0 = Debug|Any CPU
		{115897D2-3C2F-4098-A48D-E3A858208E40}.Release|Any CPU.ActiveCfg = Release|Any CPU
		{115897D2-3C2F-4098-A48D-E3A858208E40}.Release|Any CPU.Build.0 = Release|Any CPU
	EndGlobalSection
	GlobalSection(SolutionProperties) = preSolution
		HideSolutionNode = FALSE
	EndGlobalSection
	GlobalSection(ExtensibilityGlobals) = postSolution
		SolutionGuid = {09D70FAE-F86A-400E-8BE1-8A8127B25975}
	EndGlobalSection
EndGlobal
